
Microsoft Visual Studio Solution File, Format Version 12.00
# Visual Studio Version 17
VisualStudioVersion = 17.4.33213.308
MinimumVisualStudioVersion = 10.0.40219.1
Project("{FAE04EC0-301F-11D3-BF4B-00C04F79EFBC}") = "Report", "Report\Report.csproj", "{975FB142-BEF6-46EC-A534-719578F2E652}"
EndProject
Global
	GlobalSection(SolutionConfigurationPlatforms) = preSolution
		Debug|Any CPU = Debug|Any CPU
		Release|Any CPU = Release|Any CPU
	EndGlobalSection
	GlobalSection(ProjectConfigurationPlatforms) = postSolution
		{975FB142-BEF6-46EC-A534-719578F2E652}.Debug|Any CPU.ActiveCfg = Debug|Any CPU
		{975FB142-BEF6-46EC-A534-719578F2E652}.Debug|Any CPU.Build.0 = Debug|Any CPU
		{975FB142-BEF6-46EC-A534-719578F2E652}.Release|Any CPU.ActiveCfg = Release|Any CPU
		{975FB142-BEF6-46EC-A534-719578F2E652}.Release|Any CPU.Build.0 = Release|Any CPU
	EndGlobalSection
	GlobalSection(SolutionProperties) = preSolution
		HideSolutionNode = FALSE
	EndGlobalSection
	GlobalSection(ExtensibilityGlobals) = postSolution
		SolutionGuid = {47DD5898-E999-4ABD-936D-4E06E844D9C1}
	EndGlobalSection
EndGlobal
